schema: '2.0'
stages:
  data_ingestion:
    cmd: python src\data\data_ingestion.py
    deps:
    - path: src\data\data_ingestion.py
      hash: md5
      md5: 7c4777b14222adf46233042c1de9eddf
      size: 5014
    params:
      params.yaml:
        data_ingestion.test_size: 0.5
    outs:
    - path: data\raw\test.csv
      hash: md5
      md5: b194b137a00010c2ecdbbbd79bf18783
      size: 415648
    - path: data\raw\train.csv
      hash: md5
      md5: a97d0ea4ba3b431ae36356811f66bf60
      size: 412325
  data_preprocessing:
    cmd: python src\data\data_preprocessing.py
    deps:
    - path: data\raw\test.csv
      hash: md5
      md5: b194b137a00010c2ecdbbbd79bf18783
      size: 415648
    - path: data\raw\train.csv
      hash: md5
      md5: a97d0ea4ba3b431ae36356811f66bf60
      size: 412325
    - path: src\data\data_preprocessing.py
      hash: md5
      md5: c2d5ca8b03a02994846965afb9ea8e61
      size: 3634
    outs:
    - path: data\processed\train.csv
      hash: md5
      md5: b00195c72c4ee8672a818797fb4f5b7e
      size: 412325
  feature_eng:
    cmd: python src\features\feature_eng.py
    deps:
    - path: data\processed\test.csv
      hash: md5
      md5: cfdc48affd09f200b9a2292dae8c5aeb
      size: 415648
    - path: data\processed\train.csv
      hash: md5
      md5: b00195c72c4ee8672a818797fb4f5b7e
      size: 412325
    - path: src\features\feature_eng.py
      hash: md5
      md5: 35ff11755d3281a87e318a097501ddb6
      size: 3244
    params:
      params.yaml:
        feature_eng.max_features: 1000
    outs:
    - path: data\interim\test_bow.csv
      hash: md5
      md5: 4b8f7a5871e5fa782be0754017a57ea6
      size: 10393462
    - path: data\interim\train_bow.csv
      hash: md5
      md5: b553bb2967aa944a43caf1265dbfa649
      size: 10393462
  modelling:
    cmd: python src\models\modelling.py
    deps:
    - path: data\interim\train_bow.csv
      hash: md5
      md5: b553bb2967aa944a43caf1265dbfa649
      size: 10393462
    - path: src\models\modelling.py
      hash: md5
      md5: 53df8bda343285e6265fd2bc36b6e7d2
      size: 5272
    params:
      params.yaml:
        modelling.max_depth: 30
        modelling.n_estimators: 120
    outs:
    - path: models\random_forest_model.pkl
      hash: md5
      md5: 4d58de714d9f46c2eaa54ed91f7699ea
      size: 7989787
  model_evaluation:
    cmd: python src\models\model_evaluation.py
    deps:
    - path: data\interim\test_bow.csv
      hash: md5
      md5: 4b8f7a5871e5fa782be0754017a57ea6
      size: 10393462
    - path: models\random_forest_model.pkl
      hash: md5
      md5: 4d58de714d9f46c2eaa54ed91f7699ea
      size: 7989787
    - path: src\models\model_evaluation.py
      hash: md5
      md5: 776e6fd8ea4255892a8d47c29d8ab826
      size: 2487
    outs:
    - path: reports/evaluation_metrics.json
      hash: md5
      md5: 43e4d6485170ac4ce1caa4a82c37c32b
      size: 111
