schema: '2.0'
stages:
  data_ingestion:
    cmd: python src\data\data_ingestion.py
    deps:
    - path: src\data\data_ingestion.py
      hash: md5
      md5: 7c4777b14222adf46233042c1de9eddf
      size: 5014
    params:
      params.yaml:
        data_ingestion.test_size: 0.5
    outs:
    - path: data\raw\test.csv
      hash: md5
      md5: b194b137a00010c2ecdbbbd79bf18783
      size: 415648
    - path: data\raw\train.csv
      hash: md5
      md5: a97d0ea4ba3b431ae36356811f66bf60
      size: 412325
  data_preprocessing:
    cmd: python src\data\data_preprocessing.py
    deps:
    - path: data\raw\test.csv
      hash: md5
      md5: b194b137a00010c2ecdbbbd79bf18783
      size: 415648
    - path: data\raw\train.csv
      hash: md5
      md5: a97d0ea4ba3b431ae36356811f66bf60
      size: 412325
    - path: src\data\data_preprocessing.py
      hash: md5
      md5: c2d5ca8b03a02994846965afb9ea8e61
      size: 3634
    outs:
    - path: data\processed\train.csv
      hash: md5
      md5: b00195c72c4ee8672a818797fb4f5b7e
      size: 412325
  feature_eng:
    cmd: python src\features\feature_eng.py
    deps:
    - path: data\processed\test.csv
      hash: md5
      md5: cfdc48affd09f200b9a2292dae8c5aeb
      size: 415648
    - path: data\processed\train.csv
      hash: md5
      md5: b00195c72c4ee8672a818797fb4f5b7e
      size: 412325
    - path: src\features\feature_eng.py
      hash: md5
      md5: f57e6ae51fd098984c37e38654c3e4bb
      size: 3248
    params:
      params.yaml:
        feature_eng.max_features: 1000
    outs:
    - path: data\interim\test_tfidf.csv
      hash: md5
      md5: 34786baf559159ce9f4fb22194319b2d
      size: 21507371
    - path: data\interim\train_tfidf.csv
      hash: md5
      md5: 4150dd96e2b5ef58e010682db4615f97
      size: 21515350
  modelling:
    cmd: python src\models\modelling.py
    deps:
    - path: data\interim\train_tfidf.csv
      hash: md5
      md5: 4150dd96e2b5ef58e010682db4615f97
      size: 21515350
    - path: src\models\modelling.py
      hash: md5
      md5: 53df8bda343285e6265fd2bc36b6e7d2
      size: 5272
    params:
      params.yaml:
        modelling.max_depth: 30
        modelling.n_estimators: 120
    outs:
    - path: models\random_forest_model.pkl
      hash: md5
      md5: 4d19bffabff57b60be1f3b55cf7af9af
      size: 6880638
  model_evaluation:
    cmd: python src\models\model_evaluation.py
    deps:
    - path: data\interim\test_tfidf.csv
      hash: md5
      md5: 34786baf559159ce9f4fb22194319b2d
      size: 21507371
    - path: models\random_forest_model.pkl
      hash: md5
      md5: 4d19bffabff57b60be1f3b55cf7af9af
      size: 6880638
    - path: src\models\model_evaluation.py
      hash: md5
      md5: 776e6fd8ea4255892a8d47c29d8ab826
      size: 2487
    outs:
    - path: reports/evaluation_metrics.json
      hash: md5
      md5: 7a9e8721359914c9b3b532ae82624358
      size: 113
